{
  "name": "jenkins-monorepo-test",
  "lockfileVersion": 3,
  "requires": true,
  "packages": {
    "": {
      "name": "jenkins-monorepo-test",
      "workspaces": [
        "packages/*"
      ]
    },
    "node_modules/@monorepo-test/lib-a": {
      "resolved": "packages/lib-a",
      "link": true
    },
    "node_modules/@monorepo-test/lib-b": {
      "resolved": "packages/lib-b",
      "link": true
    },
    "node_modules/@monorepo-test/lib-c": {
      "resolved": "packages/lib-c",
      "link": true
    },
    "packages/lib-a": {
      "name": "@monorepo-test/lib-a",
      "version": "1.0.0"
    },
    "packages/lib-b": {
      "name": "@monorepo-test/lib-b",
      "version": "1.0.0"
    },
    "packages/lib-c": {
      "name": "@monorepo-test/lib-c",
      "version": "1.0.0"
    }
  }
}
